
Microsoft Visual Studio Solution File, Format Version 12.00
# Visual Studio Version 16
VisualStudioVersion = 16.0.30804.86
MinimumVisualStudioVersion = 10.0.40219.1
Project("{8BC9CEB8-8B4A-11D0-8D11-00A0C91BC942}") = "AppUnitTest", "AppUnitTest\AppUnitTest.vcxproj", "{6506996D-C864-4A37-A0B4-6270ED5519AA}"
EndProject
Global
	GlobalSection(SolutionConfigurationPlatforms) = preSolution
		Debug|x64 = Debug|x64
		Debug|x86 = Debug|x86
		Release|x64 = Release|x64
		Release|x86 = Release|x86
	EndGlobalSection
	GlobalSection(ProjectConfigurationPlatforms) = postSolution
		{6506996D-C864-4A37-A0B4-6270ED5519AA}.Debug|x64.ActiveCfg = Debug|x64
		{6506996D-C864-4A37-A0B4-6270ED5519AA}.Debug|x64.Build.0 = Debug|x64
		{6506996D-C864-4A37-A0B4-6270ED5519AA}.Debug|x86.ActiveCfg = Debug|Win32
		{6506996D-C864-4A37-A0B4-6270ED5519AA}.Debug|x86.Build.0 = Debug|Win32
		{6506996D-C864-4A37-A0B4-6270ED5519AA}.Release|x64.ActiveCfg = Release|x64
		{6506996D-C864-4A37-A0B4-6270ED5519AA}.Release|x64.Build.0 = Release|x64
		{6506996D-C864-4A37-A0B4-6270ED5519AA}.Release|x86.ActiveCfg = Release|Win32
		{6506996D-C864-4A37-A0B4-6270ED5519AA}.Release|x86.Build.0 = Release|Win32
	EndGlobalSection
	GlobalSection(SolutionProperties) = preSolution
		HideSolutionNode = FALSE
	EndGlobalSection
	GlobalSection(ExtensibilityGlobals) = postSolution
		SolutionGuid = {1E130043-8E86-4DCA-AE93-50B5382930EA}
	EndGlobalSection
EndGlobal
